
Microsoft Visual Studio Solution File, Format Version 12.00
# Visual Studio Version 16
VisualStudioVersion = 16.0.31129.286
MinimumVisualStudioVersion = 10.0.40219.1
Project("{FAE04EC0-301F-11D3-BF4B-00C04F79EFBC}") = "SchoolDatabase", "SchoolDatabase\SchoolDatabase.csproj", "{9FA50D9D-5FB1-42D1-B652-3B35C4B66793}"
EndProject
Project("{FAE04EC0-301F-11D3-BF4B-00C04F79EFBC}") = "Models", "Models\Models.csproj", "{2193D999-9DC1-44BD-983F-07AFF12D0CEB}"
EndProject
Project("{FAE04EC0-301F-11D3-BF4B-00C04F79EFBC}") = "DataLayer", "DataLayer\DataLayer.csproj", "{7ACBFE01-C122-4D66-91AC-869EDC064A7B}"
EndProject
Global
	GlobalSection(SolutionConfigurationPlatforms) = preSolution
		Debug|Any CPU = Debug|Any CPU
		Release|Any CPU = Release|Any CPU
	EndGlobalSection
	GlobalSection(ProjectConfigurationPlatforms) = postSolution
		{9FA50D9D-5FB1-42D1-B652-3B35C4B66793}.Debug|Any CPU.ActiveCfg = Debug|Any CPU
		{9FA50D9D-5FB1-42D1-B652-3B35C4B66793}.Debug|Any CPU.Build.0 = Debug|Any CPU
		{9FA50D9D-5FB1-42D1-B652-3B35C4B66793}.Release|Any CPU.ActiveCfg = Release|Any CPU
		{9FA50D9D-5FB1-42D1-B652-3B35C4B66793}.Release|Any CPU.Build.0 = Release|Any CPU
		{2193D999-9DC1-44BD-983F-07AFF12D0CEB}.Debug|Any CPU.ActiveCfg = Debug|Any CPU
		{2193D999-9DC1-44BD-983F-07AFF12D0CEB}.Debug|Any CPU.Build.0 = Debug|Any CPU
		{2193D999-9DC1-44BD-983F-07AFF12D0CEB}.Release|Any CPU.ActiveCfg = Release|Any CPU
		{2193D999-9DC1-44BD-983F-07AFF12D0CEB}.Release|Any CPU.Build.0 = Release|Any CPU
		{7ACBFE01-C122-4D66-91AC-869EDC064A7B}.Debug|Any CPU.ActiveCfg = Debug|Any CPU
		{7ACBFE01-C122-4D66-91AC-869EDC064A7B}.Debug|Any CPU.Build.0 = Debug|Any CPU
		{7ACBFE01-C122-4D66-91AC-869EDC064A7B}.Release|Any CPU.ActiveCfg = Release|Any CPU
		{7ACBFE01-C122-4D66-91AC-869EDC064A7B}.Release|Any CPU.Build.0 = Release|Any CPU
	EndGlobalSection
	GlobalSection(SolutionProperties) = preSolution
		HideSolutionNode = FALSE
	EndGlobalSection
	GlobalSection(ExtensibilityGlobals) = postSolution
		SolutionGuid = {281E79E2-432D-4724-996D-2D2529D76A11}
	EndGlobalSection
EndGlobal
